
Microsoft Visual Studio Solution File, Format Version 11.00
# Visual Studio 2010
Project("{FAE04EC0-301F-11D3-BF4B-00C04F79EFBC}") = "ModelValdation", "ModelValdation\ModelValdation.csproj", "{64099EBF-72D5-415E-9AB8-594908ED4690}"
EndProject
Global
	GlobalSection(SolutionConfigurationPlatforms) = preSolution
		Debug|Any CPU = Debug|Any CPU
		Release|Any CPU = Release|Any CPU
	EndGlobalSection
	GlobalSection(ProjectConfigurationPlatforms) = postSolution
		{64099EBF-72D5-415E-9AB8-594908ED4690}.Debug|Any CPU.ActiveCfg = Debug|Any CPU
		{64099EBF-72D5-415E-9AB8-594908ED4690}.Debug|Any CPU.Build.0 = Debug|Any CPU
		{64099EBF-72D5-415E-9AB8-594908ED4690}.Release|Any CPU.ActiveCfg = Release|Any CPU
		{64099EBF-72D5-415E-9AB8-594908ED4690}.Release|Any CPU.Build.0 = Release|Any CPU
	EndGlobalSection
	GlobalSection(SolutionProperties) = preSolution
		HideSolutionNode = FALSE
	EndGlobalSection
EndGlobal
