
Microsoft Visual Studio Solution File, Format Version 11.00
# Visual Studio 2010
Project("{FAE04EC0-301F-11D3-BF4B-00C04F79EFBC}") = "DynamicData", "DynamicData\DynamicData.csproj", "{6BCB84F9-2150-40C1-A675-B298A1A412AA}"
EndProject
Global
	GlobalSection(SolutionConfigurationPlatforms) = preSolution
		Debug|Any CPU = Debug|Any CPU
		Release|Any CPU = Release|Any CPU
	EndGlobalSection
	GlobalSection(ProjectConfigurationPlatforms) = postSolution
		{6BCB84F9-2150-40C1-A675-B298A1A412AA}.Debug|Any CPU.ActiveCfg = Debug|Any CPU
		{6BCB84F9-2150-40C1-A675-B298A1A412AA}.Debug|Any CPU.Build.0 = Debug|Any CPU
		{6BCB84F9-2150-40C1-A675-B298A1A412AA}.Release|Any CPU.ActiveCfg = Release|Any CPU
		{6BCB84F9-2150-40C1-A675-B298A1A412AA}.Release|Any CPU.Build.0 = Release|Any CPU
	EndGlobalSection
	GlobalSection(SolutionProperties) = preSolution
		HideSolutionNode = FALSE
	EndGlobalSection
EndGlobal
