
Microsoft Visual Studio Solution File, Format Version 11.00
# Visual Studio 2010
Project("{FAE04EC0-301F-11D3-BF4B-00C04F79EFBC}") = "ModelBinding", "ModelBinding\ModelBinding.csproj", "{F40CC711-2FA2-4BA6-9381-EDF6930BCEFA}"
EndProject
Global
	GlobalSection(SolutionConfigurationPlatforms) = preSolution
		Debug|Any CPU = Debug|Any CPU
		Release|Any CPU = Release|Any CPU
	EndGlobalSection
	GlobalSection(ProjectConfigurationPlatforms) = postSolution
		{F40CC711-2FA2-4BA6-9381-EDF6930BCEFA}.Debug|Any CPU.ActiveCfg = Debug|Any CPU
		{F40CC711-2FA2-4BA6-9381-EDF6930BCEFA}.Debug|Any CPU.Build.0 = Debug|Any CPU
		{F40CC711-2FA2-4BA6-9381-EDF6930BCEFA}.Release|Any CPU.ActiveCfg = Release|Any CPU
		{F40CC711-2FA2-4BA6-9381-EDF6930BCEFA}.Release|Any CPU.Build.0 = Release|Any CPU
	EndGlobalSection
	GlobalSection(SolutionProperties) = preSolution
		HideSolutionNode = FALSE
	EndGlobalSection
EndGlobal
