
Microsoft Visual Studio Solution File, Format Version 11.00
# Visual Studio 2010
Project("{FAE04EC0-301F-11D3-BF4B-00C04F79EFBC}") = "PartyInvites", "PartyInvites\PartyInvites.csproj", "{FEE70A55-FDBE-4A44-A441-9191074157BD}"
EndProject
Global
	GlobalSection(SolutionConfigurationPlatforms) = preSolution
		Debug|Any CPU = Debug|Any CPU
		Release|Any CPU = Release|Any CPU
	EndGlobalSection
	GlobalSection(ProjectConfigurationPlatforms) = postSolution
		{FEE70A55-FDBE-4A44-A441-9191074157BD}.Debug|Any CPU.ActiveCfg = Debug|Any CPU
		{FEE70A55-FDBE-4A44-A441-9191074157BD}.Debug|Any CPU.Build.0 = Debug|Any CPU
		{FEE70A55-FDBE-4A44-A441-9191074157BD}.Release|Any CPU.ActiveCfg = Release|Any CPU
		{FEE70A55-FDBE-4A44-A441-9191074157BD}.Release|Any CPU.Build.0 = Release|Any CPU
	EndGlobalSection
	GlobalSection(SolutionProperties) = preSolution
		HideSolutionNode = FALSE
	EndGlobalSection
EndGlobal
